
Microsoft Visual Studio Solution File, Format Version 12.00
# Visual Studio Version 16
VisualStudioVersion = 16.0.31424.327
MinimumVisualStudioVersion = 10.0.40219.1
Project("{FAE04EC0-301F-11D3-BF4B-00C04F79EFBC}") = "WebApiCatalogoDeJogos", "WebApiCatalogoDeJogos\WebApiCatalogoDeJogos.csproj", "{5D3D6AB0-C2B8-4E66-9CA9-D82FE62E1BDE}"
EndProject
Global
	GlobalSection(SolutionConfigurationPlatforms) = preSolution
		Debug|Any CPU = Debug|Any CPU
		Release|Any CPU = Release|Any CPU
	EndGlobalSection
	GlobalSection(ProjectConfigurationPlatforms) = postSolution
		{5D3D6AB0-C2B8-4E66-9CA9-D82FE62E1BDE}.Debug|Any CPU.ActiveCfg = Debug|Any CPU
		{5D3D6AB0-C2B8-4E66-9CA9-D82FE62E1BDE}.Debug|Any CPU.Build.0 = Debug|Any CPU
		{5D3D6AB0-C2B8-4E66-9CA9-D82FE62E1BDE}.Release|Any CPU.ActiveCfg = Release|Any CPU
		{5D3D6AB0-C2B8-4E66-9CA9-D82FE62E1BDE}.Release|Any CPU.Build.0 = Release|Any CPU
	EndGlobalSection
	GlobalSection(SolutionProperties) = preSolution
		HideSolutionNode = FALSE
	EndGlobalSection
	GlobalSection(ExtensibilityGlobals) = postSolution
		SolutionGuid = {3F449876-3240-4061-BDE1-5F59268ABEDC}
	EndGlobalSection
EndGlobal
